
Microsoft Visual Studio Solution File, Format Version 12.00
# Visual Studio Version 17
VisualStudioVersion = 17.1.32319.34
MinimumVisualStudioVersion = 10.0.40219.1
Project("{FAE04EC0-301F-11D3-BF4B-00C04F79EFBC}") = "OnlineMarket", "OnlineMarket\OnlineMarket.csproj", "{7B1D71CE-AB2B-4EEC-97EF-2C886D0CD80C}"
EndProject
Global
	GlobalSection(SolutionConfigurationPlatforms) = preSolution
		Debug|Any CPU = Debug|Any CPU
		Release|Any CPU = Release|Any CPU
	EndGlobalSection
	GlobalSection(ProjectConfigurationPlatforms) = postSolution
		{7B1D71CE-AB2B-4EEC-97EF-2C886D0CD80C}.Debug|Any CPU.ActiveCfg = Debug|Any CPU
		{7B1D71CE-AB2B-4EEC-97EF-2C886D0CD80C}.Debug|Any CPU.Build.0 = Debug|Any CPU
		{7B1D71CE-AB2B-4EEC-97EF-2C886D0CD80C}.Release|Any CPU.ActiveCfg = Release|Any CPU
		{7B1D71CE-AB2B-4EEC-97EF-2C886D0CD80C}.Release|Any CPU.Build.0 = Release|Any CPU
	EndGlobalSection
	GlobalSection(SolutionProperties) = preSolution
		HideSolutionNode = FALSE
	EndGlobalSection
	GlobalSection(ExtensibilityGlobals) = postSolution
		SolutionGuid = {1F6D3313-F077-4A41-AF5F-0AFC61E21AE9}
	EndGlobalSection
EndGlobal
